// !$*UTF8*$!
{
	archiveVersion = 1;
	classes = {
	};
	objectVersion = 46;
	objects = {

/* Begin PBXBuildFile section */
		6222EA6A1C0C192A00C52835 /* lyricsdemo.txt in Resources */ = {isa = PBXBuildFile; fileRef = 6222EA681C0C192A00C52835 /* lyricsdemo.txt */; settings = {ASSET_TAGS = (); }; };
		6222EA6B1C0C192A00C52835 /* Song1demo.json in Resources */ = {isa = PBXBuildFile; fileRef = 6222EA691C0C192A00C52835 /* Song1demo.json */; settings = {ASSET_TAGS = (); }; };
		6226FB581C06D48000099946 /* test.swift in Sources */ = {isa = PBXBuildFile; fileRef = 6226FB571C06D48000099946 /* test.swift */; settings = {ASSET_TAGS = (); }; };
		6226FB5A1C06DEDF00099946 /* lyrics.txt in Resources */ = {isa = PBXBuildFile; fileRef = 6226FB591C06DEDF00099946 /* lyrics.txt */; settings = {ASSET_TAGS = (); }; };
		6267276E1BFCACE000F3A5A1 /* AppDelegate.swift in Sources */ = {isa = PBXBuildFile; fileRef = 6267276D1BFCACE000F3A5A1 /* AppDelegate.swift */; };
		626727731BFCACE000F3A5A1 /* Main.storyboard in Resources */ = {isa = PBXBuildFile; fileRef = 626727711BFCACE000F3A5A1 /* Main.storyboard */; };
		626727751BFCACE000F3A5A1 /* Assets.xcassets in Resources */ = {isa = PBXBuildFile; fileRef = 626727741BFCACE000F3A5A1 /* Assets.xcassets */; };
		626727781BFCACE000F3A5A1 /* LaunchScreen.storyboard in Resources */ = {isa = PBXBuildFile; fileRef = 626727761BFCACE000F3A5A1 /* LaunchScreen.storyboard */; };
		627CAE211C02D51F00CAA660 /* CoreText.framework in Frameworks */ = {isa = PBXBuildFile; fileRef = 627CAE201C02D51F00CAA660 /* CoreText.framework */; };
		62A87CE21C369CEE00BD5BF5 /* 1536_2048.png in Resources */ = {isa = PBXBuildFile; fileRef = 62A87CE11C369CEE00BD5BF5 /* 1536_2048.png */; settings = {ASSET_TAGS = (); }; };
		62A9B4701C0320B6004E7686 /* Song1.json in Resources */ = {isa = PBXBuildFile; fileRef = 62A9B46F1C0320B6004E7686 /* Song1.json */; settings = {ASSET_TAGS = (); }; };
		62A9B4741C033301004E7686 /* SwiftyJSON.swift in Sources */ = {isa = PBXBuildFile; fileRef = 62A9B4731C033301004E7686 /* SwiftyJSON.swift */; settings = {ASSET_TAGS = (); }; };
		62C093151C05826B002923DC /* DTO.swift in Sources */ = {isa = PBXBuildFile; fileRef = 62C093141C05826B002923DC /* DTO.swift */; settings = {ASSET_TAGS = (); }; };
		62DC24B01C20362C007C4EA9 /* LyricssongViewController.swift in Sources */ = {isa = PBXBuildFile; fileRef = 62DC24AF1C20362C007C4EA9 /* LyricssongViewController.swift */; settings = {ASSET_TAGS = (); }; };
/* End PBXBuildFile section */

/* Begin PBXFileReference section */
		6222EA681C0C192A00C52835 /* lyricsdemo.txt */ = {isa = PBXFileReference; fileEncoding = 4; lastKnownFileType = text; path = lyricsdemo.txt; sourceTree = "<group>"; };
		6222EA691C0C192A00C52835 /* Song1demo.json */ = {isa = PBXFileReference; fileEncoding = 4; lastKnownFileType = text.json; path = Song1demo.json; sourceTree = "<group>"; };
		6226FB571C06D48000099946 /* test.swift */ = {isa = PBXFileReference; fileEncoding = 4; lastKnownFileType = sourcecode.swift; path = test.swift; sourceTree = "<group>"; };
		6226FB591C06DEDF00099946 /* lyrics.txt */ = {isa = PBXFileReference; fileEncoding = 4; lastKnownFileType = text; path = lyrics.txt; sourceTree = "<group>"; };
		6267276A1BFCACE000F3A5A1 /* Lyrics Animation.app */ = {isa = PBXFileReference; explicitFileType = wrapper.application; includeInIndex = 0; path = "Lyrics Animation.app"; sourceTree = BUILT_PRODUCTS_DIR; };
		6267276D1BFCACE000F3A5A1 /* AppDelegate.swift */ = {isa = PBXFileReference; lastKnownFileType = sourcecode.swift; path = AppDelegate.swift; sourceTree = "<group>"; };
		626727721BFCACE000F3A5A1 /* Base */ = {isa = PBXFileReference; lastKnownFileType = file.storyboard; name = Base; path = Base.lproj/Main.storyboard; sourceTree = "<group>"; };
		626727741BFCACE000F3A5A1 /* Assets.xcassets */ = {isa = PBXFileReference; lastKnownFileType = folder.assetcatalog; path = Assets.xcassets; sourceTree = "<group>"; };
		626727771BFCACE000F3A5A1 /* Base */ = {isa = PBXFileReference; lastKnownFileType = file.storyboard; name = Base; path = Base.lproj/LaunchScreen.storyboard; sourceTree = "<group>"; };
		626727791BFCACE000F3A5A1 /* Info.plist */ = {isa = PBXFileReference; lastKnownFileType = text.plist.xml; path = Info.plist; sourceTree = "<group>"; };
		627CAE201C02D51F00CAA660 /* CoreText.framework */ = {isa = PBXFileReference; lastKnownFileType = wrapper.framework; name = CoreText.framework; path = System/Library/Frameworks/CoreText.framework; sourceTree = SDKROOT; };
		62A87CE11C369CEE00BD5BF5 /* 1536_2048.png */ = {isa = PBXFileReference; lastKnownFileType = image.png; path = 1536_2048.png; sourceTree = "<group>"; };
		62A9B46F1C0320B6004E7686 /* Song1.json */ = {isa = PBXFileReference; fileEncoding = 4; lastKnownFileType = text.json; name = Song1.json; path = Demo/Songs/Song1.json; sourceTree = SOURCE_ROOT; };
		62A9B4731C033301004E7686 /* SwiftyJSON.swift */ = {isa = PBXFileReference; fileEncoding = 4; lastKnownFileType = sourcecode.swift; path = SwiftyJSON.swift; sourceTree = "<group>"; };
		62C093141C05826B002923DC /* DTO.swift */ = {isa = PBXFileReference; fileEncoding = 4; lastKnownFileType = sourcecode.swift; path = DTO.swift; sourceTree = "<group>"; };
		62DC24AF1C20362C007C4EA9 /* LyricssongViewController.swift */ = {isa = PBXFileReference; fileEncoding = 4; lastKnownFileType = sourcecode.swift; path = LyricssongViewController.swift; sourceTree = "<group>"; };
/* End PBXFileReference section */

/* Begin PBXFrameworksBuildPhase section */
		626727671BFCACDF00F3A5A1 /* Frameworks */ = {
			isa = PBXFrameworksBuildPhase;
			buildActionMask = 2147483647;
			files = (
				627CAE211C02D51F00CAA660 /* CoreText.framework in Frameworks */,
			);
			runOnlyForDeploymentPostprocessing = 0;
		};
/* End PBXFrameworksBuildPhase section */

/* Begin PBXGroup section */
		626727611BFCACDF00F3A5A1 = {
			isa = PBXGroup;
			children = (
				62A9B46E1C032069004E7686 /* Songs */,
				627CAE201C02D51F00CAA660 /* CoreText.framework */,
				6267276C1BFCACE000F3A5A1 /* Demo */,
				6267276B1BFCACE000F3A5A1 /* Products */,
			);
			sourceTree = "<group>";
		};
		6267276B1BFCACE000F3A5A1 /* Products */ = {
			isa = PBXGroup;
			children = (
				6267276A1BFCACE000F3A5A1 /* Lyrics Animation.app */,
			);
			name = Products;
			sourceTree = "<group>";
		};
		6267276C1BFCACE000F3A5A1 /* Demo */ = {
			isa = PBXGroup;
			children = (
				62A9B4731C033301004E7686 /* SwiftyJSON.swift */,
				6267276D1BFCACE000F3A5A1 /* AppDelegate.swift */,
				62DC24AF1C20362C007C4EA9 /* LyricssongViewController.swift */,
				62A87CE11C369CEE00BD5BF5 /* 1536_2048.png */,
				626727711BFCACE000F3A5A1 /* Main.storyboard */,
				626727741BFCACE000F3A5A1 /* Assets.xcassets */,
				626727761BFCACE000F3A5A1 /* LaunchScreen.storyboard */,
				626727791BFCACE000F3A5A1 /* Info.plist */,
				62C093141C05826B002923DC /* DTO.swift */,
				6226FB571C06D48000099946 /* test.swift */,
			);
			path = Demo;
			sourceTree = "<group>";
		};
		62A9B46E1C032069004E7686 /* Songs */ = {
			isa = PBXGroup;
			children = (
				6222EA681C0C192A00C52835 /* lyricsdemo.txt */,
				6222EA691C0C192A00C52835 /* Song1demo.json */,
				6226FB591C06DEDF00099946 /* lyrics.txt */,
				62A9B46F1C0320B6004E7686 /* Song1.json */,
			);
			name = Songs;
			path = Demo/Songs;
			sourceTree = "<group>";
		};
/* End PBXGroup section */

/* Begin PBXNativeTarget section */
		626727691BFCACDF00F3A5A1 /* Demo */ = {
			isa = PBXNativeTarget;
			buildConfigurationList = 6267277C1BFCACE000F3A5A1 /* Build configuration list for PBXNativeTarget "Demo" */;
			buildPhases = (
				626727661BFCACDF00F3A5A1 /* Sources */,
				626727671BFCACDF00F3A5A1 /* Frameworks */,
				626727681BFCACDF00F3A5A1 /* Resources */,
			);
			buildRules = (
			);
			dependencies = (
			);
			name = Demo;
			productName = Demo;
			productReference = 6267276A1BFCACE000F3A5A1 /* Lyrics Animation.app */;
			productType = "com.apple.product-type.application";
		};
/* End PBXNativeTarget section */

/* Begin PBXProject section */
		626727621BFCACDF00F3A5A1 /* Project object */ = {
			isa = PBXProject;
			attributes = {
				LastUpgradeCheck = 0700;
				ORGANIZATIONNAME = kbs;
				TargetAttributes = {
					626727691BFCACDF00F3A5A1 = {
						CreatedOnToolsVersion = 7.0;
					};
				};
			};
			buildConfigurationList = 626727651BFCACDF00F3A5A1 /* Build configuration list for PBXProject "Demo" */;
			compatibilityVersion = "Xcode 3.2";
			developmentRegion = English;
			hasScannedForEncodings = 0;
			knownRegions = (
				en,
				Base,
			);
			mainGroup = 626727611BFCACDF00F3A5A1;
			productRefGroup = 6267276B1BFCACE000F3A5A1 /* Products */;
			projectDirPath = "";
			projectRoot = "";
			targets = (
				626727691BFCACDF00F3A5A1 /* Demo */,
			);
		};
/* End PBXProject section */

/* Begin PBXResourcesBuildPhase section */
		626727681BFCACDF00F3A5A1 /* Resources */ = {
			isa = PBXResourcesBuildPhase;
			buildActionMask = 2147483647;
			files = (
				626727781BFCACE000F3A5A1 /* LaunchScreen.storyboard in Resources */,
				6222EA6A1C0C192A00C52835 /* lyricsdemo.txt in Resources */,
				626727751BFCACE000F3A5A1 /* Assets.xcassets in Resources */,
				62A9B4701C0320B6004E7686 /* Song1.json in Resources */,
				62A87CE21C369CEE00BD5BF5 /* 1536_2048.png in Resources */,
				6222EA6B1C0C192A00C52835 /* Song1demo.json in Resources */,
				6226FB5A1C06DEDF00099946 /* lyrics.txt in Resources */,
				626727731BFCACE000F3A5A1 /* Main.storyboard in Resources */,
			);
			runOnlyForDeploymentPostprocessing = 0;
		};
/* End PBXResourcesBuildPhase section */

/* Begin PBXSourcesBuildPhase section */
		626727661BFCACDF00F3A5A1 /* Sources */ = {
			isa = PBXSourcesBuildPhase;
			buildActionMask = 2147483647;
			files = (
				62A9B4741C033301004E7686 /* SwiftyJSON.swift in Sources */,
				6267276E1BFCACE000F3A5A1 /* AppDelegate.swift in Sources */,
				6226FB581C06D48000099946 /* test.swift in Sources */,
				62DC24B01C20362C007C4EA9 /* LyricssongViewController.swift in Sources */,
				62C093151C05826B002923DC /* DTO.swift in Sources */,
			);
			runOnlyForDeploymentPostprocessing = 0;
		};
/* End PBXSourcesBuildPhase section */

/* Begin PBXVariantGroup section */
		626727711BFCACE000F3A5A1 /* Main.storyboard */ = {
			isa = PBXVariantGroup;
			children = (
				626727721BFCACE000F3A5A1 /* Base */,
			);
			name = Main.storyboard;
			sourceTree = "<group>";
		};
		626727761BFCACE000F3A5A1 /* LaunchScreen.storyboard */ = {
			isa = PBXVariantGroup;
			children = (
				626727771BFCACE000F3A5A1 /* Base */,
			);
			name = LaunchScreen.storyboard;
			sourceTree = "<group>";
		};
/* End PBXVariantGroup section */

/* Begin XCBuildConfiguration section */
		6267277A1BFCACE000F3A5A1 /* Debug */ = {
			isa = XCBuildConfiguration;
			buildSettings = {
				ALWAYS_SEARCH_USER_PATHS = NO;
				CLANG_CXX_LANGUAGE_STANDARD = "gnu++0x";
				CLANG_CXX_LIBRARY = "libc++";
				CLANG_ENABLE_MODULES = YES;
				CLANG_ENABLE_OBJC_ARC = YES;
				CLANG_WARN_BOOL_CONVERSION = YES;
				CLANG_WARN_CONSTANT_CONVERSION = YES;
				CLANG_WARN_DIRECT_OBJC_ISA_USAGE = YES_ERROR;
				CLANG_WARN_EMPTY_BODY = YES;
				CLANG_WARN_ENUM_CONVERSION = YES;
				CLANG_WARN_INT_CONVERSION = YES;
				CLANG_WARN_OBJC_ROOT_CLASS = YES_ERROR;
				CLANG_WARN_UNREACHABLE_CODE = YES;
				CLANG_WARN__DUPLICATE_METHOD_MATCH = YES;
				CODE_SIGN_IDENTITY = "iPhone Developer: Balak Ram Sharma (9Y3L2SD852)";
				"CODE_SIGN_IDENTITY[sdk=iphoneos*]" = "iPhone Developer";
				COPY_PHASE_STRIP = NO;
				DEBUG_INFORMATION_FORMAT = dwarf;
				ENABLE_STRICT_OBJC_MSGSEND = YES;
				ENABLE_TESTABILITY = YES;
				GCC_C_LANGUAGE_STANDARD = gnu99;
				GCC_DYNAMIC_NO_PIC = NO;
				GCC_NO_COMMON_BLOCKS = YES;
				GCC_OPTIMIZATION_LEVEL = 0;
				GCC_PREPROCESSOR_DEFINITIONS = (
					"DEBUG=1",
					"$(inherited)",
				);
				GCC_WARN_64_TO_32_BIT_CONVERSION = YES;
				GCC_WARN_ABOUT_RETURN_TYPE = YES_ERROR;
				GCC_WARN_UNDECLARED_SELECTOR = YES;
				GCC_WARN_UNINITIALIZED_AUTOS = YES_AGGRESSIVE;
				GCC_WARN_UNUSED_FUNCTION = YES;
				GCC_WARN_UNUSED_VARIABLE = YES;
				IPHONEOS_DEPLOYMENT_TARGET = 9.0;
				MTL_ENABLE_DEBUG_INFO = YES;
				ONLY_ACTIVE_ARCH = YES;
				PROVISIONING_PROFILE = "cd546f1b-98c2-4d1c-a416-2bac256d8651";
				SDKROOT = iphoneos;
				SWIFT_OPTIMIZATION_LEVEL = "-Onone";
			};
			name = Debug;
		};
		6267277B1BFCACE000F3A5A1 /* Release */ = {
			isa = XCBuildConfiguration;
			buildSettings = {
				ALWAYS_SEARCH_USER_PATHS = NO;
				CLANG_CXX_LANGUAGE_STANDARD = "gnu++0x";
				CLANG_CXX_LIBRARY = "libc++";
				CLANG_ENABLE_MODULES = YES;
				CLANG_ENABLE_OBJC_ARC = YES;
				CLANG_WARN_BOOL_CONVERSION = YES;
				CLANG_WARN_CONSTANT_CONVERSION = YES;
				CLANG_WARN_DIRECT_OBJC_ISA_USAGE = YES_ERROR;
				CLANG_WARN_EMPTY_BODY = YES;
				CLANG_WARN_ENUM_CONVERSION = YES;
				CLANG_WARN_INT_CONVERSION = YES;
				CLANG_WARN_OBJC_ROOT_CLASS = YES_ERROR;
				CLANG_WARN_UNREACHABLE_CODE = YES;
				CLANG_WARN__DUPLICATE_METHOD_MATCH = YES;
				CODE_SIGN_IDENTITY = "iPhone Developer: Balak Ram Sharma (9Y3L2SD852)";
				"CODE_SIGN_IDENTITY[sdk=iphoneos*]" = "iPhone Developer";
				COPY_PHASE_STRIP = NO;
				DEBUG_INFORMATION_FORMAT = "dwarf-with-dsym";
				ENABLE_NS_ASSERTIONS = NO;
				ENABLE_STRICT_OBJC_MSGSEND = YES;
				GCC_C_LANGUAGE_STANDARD = gnu99;
				GCC_NO_COMMON_BLOCKS = YES;
				GCC_WARN_64_TO_32_BIT_CONVERSION = YES;
				GCC_WARN_ABOUT_RETURN_TYPE = YES_ERROR;
				GCC_WARN_UNDECLARED_SELECTOR = YES;
				GCC_WARN_UNINITIALIZED_AUTOS = YES_AGGRESSIVE;
				GCC_WARN_UNUSED_FUNCTION = YES;
				GCC_WARN_UNUSED_VARIABLE = YES;
				IPHONEOS_DEPLOYMENT_TARGET = 9.0;
				MTL_ENABLE_DEBUG_INFO = NO;
				PROVISIONING_PROFILE = "cd546f1b-98c2-4d1c-a416-2bac256d8651";
				SDKROOT = iphoneos;
				VALIDATE_PRODUCT = YES;
			};
			name = Release;
		};
		6267277D1BFCACE000F3A5A1 /* Debug */ = {
			isa = XCBuildConfiguration;
			buildSettings = {
				ASSETCATALOG_COMPILER_APPICON_NAME = AppIcon;
				CODE_SIGN_IDENTITY = "iPhone Developer: Balak Ram Sharma (9Y3L2SD852)";
				INFOPLIST_FILE = Demo/Info.plist;
				IPHONEOS_DEPLOYMENT_TARGET = 7.1;
				LD_RUNPATH_SEARCH_PATHS = "$(inherited) @executable_path/Frameworks";
				PRODUCT_BUNDLE_IDENTIFIER = com.KindleBit.Demo;
				PRODUCT_NAME = "Lyrics Animation";
				PROVISIONING_PROFILE = "cd546f1b-98c2-4d1c-a416-2bac256d8651";
				TARGETED_DEVICE_FAMILY = "1,2";
			};
			name = Debug;
		};
		6267277E1BFCACE000F3A5A1 /* Release */ = {
			isa = XCBuildConfiguration;
			buildSettings = {
				ASSETCATALOG_COMPILER_APPICON_NAME = AppIcon;
				CODE_SIGN_IDENTITY = "iPhone Developer: Balak Ram Sharma (9Y3L2SD852)";
				INFOPLIST_FILE = Demo/Info.plist;
				IPHONEOS_DEPLOYMENT_TARGET = 7.1;
				LD_RUNPATH_SEARCH_PATHS = "$(inherited) @executable_path/Frameworks";
				PRODUCT_BUNDLE_IDENTIFIER = com.KindleBit.Demo;
				PRODUCT_NAME = "Lyrics Animation";
				PROVISIONING_PROFILE = "cd546f1b-98c2-4d1c-a416-2bac256d8651";
				TARGETED_DEVICE_FAMILY = "1,2";
			};
			name = Release;
		};
/* End XCBuildConfiguration section */

/* Begin XCConfigurationList section */
		626727651BFCACDF00F3A5A1 /* Build configuration list for PBXProject "Demo" */ = {
			isa = XCConfigurationList;
			buildConfigurations = (
				6267277A1BFCACE000F3A5A1 /* Debug */,
				6267277B1BFCACE000F3A5A1 /* Release */,
			);
			defaultConfigurationIsVisible = 0;
			defaultConfigurationName = Release;
		};
		6267277C1BFCACE000F3A5A1 /* Build configuration list for PBXNativeTarget "Demo" */ = {
			isa = XCConfigurationList;
			buildConfigurations = (
				6267277D1BFCACE000F3A5A1 /* Debug */,
				6267277E1BFCACE000F3A5A1 /* Release */,
			);
			defaultConfigurationIsVisible = 0;
			defaultConfigurationName = Release;
		};
/* End XCConfigurationList section */
	};
	rootObject = 626727621BFCACDF00F3A5A1 /* Project object */;
}
